// !$*UTF8*$!
{
	archiveVersion = 1;
	classes = {
	};
	objectVersion = 50;
	objects = {

/* Begin PBXBuildFile section */
		40F1F70E28AEEBDD000F4076 /* AppDelegate.swift in Sources */ = {isa = PBXBuildFile; fileRef = 40F1F70D28AEEBDD000F4076 /* AppDelegate.swift */; };
		40F1F71028AEEBDD000F4076 /* SceneDelegate.swift in Sources */ = {isa = PBXBuildFile; fileRef = 40F1F70F28AEEBDD000F4076 /* SceneDelegate.swift */; };
		40F1F71228AEEBDD000F4076 /* ViewController.swift in Sources */ = {isa = PBXBuildFile; fileRef = 40F1F71128AEEBDD000F4076 /* ViewController.swift */; };
		40F1F71528AEEBDD000F4076 /* Main.storyboard in Resources */ = {isa = PBXBuildFile; fileRef = 40F1F71328AEEBDD000F4076 /* Main.storyboard */; };
		40F1F71728AEEBDF000F4076 /* Assets.xcassets in Resources */ = {isa = PBXBuildFile; fileRef = 40F1F71628AEEBDF000F4076 /* Assets.xcassets */; };
		40F1F71A28AEEBDF000F4076 /* LaunchScreen.storyboard in Resources */ = {isa = PBXBuildFile; fileRef = 40F1F71828AEEBDF000F4076 /* LaunchScreen.storyboard */; };
		40F1F72528AEEBE0000F4076 /* PiedraPapelTijeraTests.swift in Sources */ = {isa = PBXBuildFile; fileRef = 40F1F72428AEEBE0000F4076 /* PiedraPapelTijeraTests.swift */; };
		40F1F73028AEEBE0000F4076 /* PiedraPapelTijeraUITests.swift in Sources */ = {isa = PBXBuildFile; fileRef = 40F1F72F28AEEBE0000F4076 /* PiedraPapelTijeraUITests.swift */; };
/* End PBXBuildFile section */

/* Begin PBXContainerItemProxy section */
		40F1F72128AEEBE0000F4076 /* PBXContainerItemProxy */ = {
			isa = PBXContainerItemProxy;
			containerPortal = 40F1F70228AEEBDC000F4076 /* Project object */;
			proxyType = 1;
			remoteGlobalIDString = 40F1F70928AEEBDC000F4076;
			remoteInfo = PiedraPapelTijera;
		};
		40F1F72C28AEEBE0000F4076 /* PBXContainerItemProxy */ = {
			isa = PBXContainerItemProxy;
			containerPortal = 40F1F70228AEEBDC000F4076 /* Project object */;
			proxyType = 1;
			remoteGlobalIDString = 40F1F70928AEEBDC000F4076;
			remoteInfo = PiedraPapelTijera;
		};
/* End PBXContainerItemProxy section */

/* Begin PBXFileReference section */
		40F1F70A28AEEBDD000F4076 /* PiedraPapelTijera.app */ = {isa = PBXFileReference; explicitFileType = wrapper.application; includeInIndex = 0; path = PiedraPapelTijera.app; sourceTree = BUILT_PRODUCTS_DIR; };
		40F1F70D28AEEBDD000F4076 /* AppDelegate.swift */ = {isa = PBXFileReference; lastKnownFileType = sourcecode.swift; path = AppDelegate.swift; sourceTree = "<group>"; };
		40F1F70F28AEEBDD000F4076 /* SceneDelegate.swift */ = {isa = PBXFileReference; lastKnownFileType = sourcecode.swift; path = SceneDelegate.swift; sourceTree = "<group>"; };
		40F1F71128AEEBDD000F4076 /* ViewController.swift */ = {isa = PBXFileReference; lastKnownFileType = sourcecode.swift; path = ViewController.swift; sourceTree = "<group>"; };
		40F1F71428AEEBDD000F4076 /* Base */ = {isa = PBXFileReference; lastKnownFileType = file.storyboard; name = Base; path = Base.lproj/Main.storyboard; sourceTree = "<group>"; };
		40F1F71628AEEBDF000F4076 /* Assets.xcassets */ = {isa = PBXFileReference; lastKnownFileType = folder.assetcatalog; path = Assets.xcassets; sourceTree = "<group>"; };
		40F1F71928AEEBDF000F4076 /* Base */ = {isa = PBXFileReference; lastKnownFileType = file.storyboard; name = Base; path = Base.lproj/LaunchScreen.storyboard; sourceTree = "<group>"; };
		40F1F71B28AEEBDF000F4076 /* Info.plist */ = {isa = PBXFileReference; lastKnownFileType = text.plist.xml; path = Info.plist; sourceTree = "<group>"; };
		40F1F72028AEEBE0000F4076 /* PiedraPapelTijeraTests.xctest */ = {isa = PBXFileReference; explicitFileType = wrapper.cfbundle; includeInIndex = 0; path = PiedraPapelTijeraTests.xctest; sourceTree = BUILT_PRODUCTS_DIR; };
		40F1F72428AEEBE0000F4076 /* PiedraPapelTijeraTests.swift */ = {isa = PBXFileReference; lastKnownFileType = sourcecode.swift; path = PiedraPapelTijeraTests.swift; sourceTree = "<group>"; };
		40F1F72628AEEBE0000F4076 /* Info.plist */ = {isa = PBXFileReference; lastKnownFileType = text.plist.xml; path = Info.plist; sourceTree = "<group>"; };
		40F1F72B28AEEBE0000F4076 /* PiedraPapelTijeraUITests.xctest */ = {isa = PBXFileReference; explicitFileType = wrapper.cfbundle; includeInIndex = 0; path = PiedraPapelTijeraUITests.xctest; sourceTree = BUILT_PRODUCTS_DIR; };
		40F1F72F28AEEBE0000F4076 /* PiedraPapelTijeraUITests.swift */ = {isa = PBXFileReference; lastKnownFileType = sourcecode.swift; path = PiedraPapelTijeraUITests.swift; sourceTree = "<group>"; };
		40F1F73128AEEBE0000F4076 /* Info.plist */ = {isa = PBXFileReference; lastKnownFileType = text.plist.xml; path = Info.plist; sourceTree = "<group>"; };
/* End PBXFileReference section */

/* Begin PBXFrameworksBuildPhase section */
		40F1F70728AEEBDC000F4076 /* Frameworks */ = {
			isa = PBXFrameworksBuildPhase;
			buildActionMask = 2147483647;
			files = (
			);
			runOnlyForDeploymentPostprocessing = 0;
		};
		40F1F71D28AEEBE0000F4076 /* Frameworks */ = {
			isa = PBXFrameworksBuildPhase;
			buildActionMask = 2147483647;
			files = (
			);
			runOnlyForDeploymentPostprocessing = 0;
		};
		40F1F72828AEEBE0000F4076 /* Frameworks */ = {
			isa = PBXFrameworksBuildPhase;
			buildActionMask = 2147483647;
			files = (
			);
			runOnlyForDeploymentPostprocessing = 0;
		};
/* End PBXFrameworksBuildPhase section */

/* Begin PBXGroup section */
		40F1F70128AEEBDC000F4076 = {
			isa = PBXGroup;
			children = (
				40F1F70C28AEEBDD000F4076 /* PiedraPapelTijera */,
				40F1F72328AEEBE0000F4076 /* PiedraPapelTijeraTests */,
				40F1F72E28AEEBE0000F4076 /* PiedraPapelTijeraUITests */,
				40F1F70B28AEEBDD000F4076 /* Products */,
			);
			sourceTree = "<group>";
		};
		40F1F70B28AEEBDD000F4076 /* Products */ = {
			isa = PBXGroup;
			children = (
				40F1F70A28AEEBDD000F4076 /* PiedraPapelTijera.app */,
				40F1F72028AEEBE0000F4076 /* PiedraPapelTijeraTests.xctest */,
				40F1F72B28AEEBE0000F4076 /* PiedraPapelTijeraUITests.xctest */,
			);
			name = Products;
			sourceTree = "<group>";
		};
		40F1F70C28AEEBDD000F4076 /* PiedraPapelTijera */ = {
			isa = PBXGroup;
			children = (
				40F1F70D28AEEBDD000F4076 /* AppDelegate.swift */,
				40F1F70F28AEEBDD000F4076 /* SceneDelegate.swift */,
				40F1F71128AEEBDD000F4076 /* ViewController.swift */,
				40F1F71328AEEBDD000F4076 /* Main.storyboard */,
				40F1F71628AEEBDF000F4076 /* Assets.xcassets */,
				40F1F71828AEEBDF000F4076 /* LaunchScreen.storyboard */,
				40F1F71B28AEEBDF000F4076 /* Info.plist */,
			);
			path = PiedraPapelTijera;
			sourceTree = "<group>";
		};
		40F1F72328AEEBE0000F4076 /* PiedraPapelTijeraTests */ = {
			isa = PBXGroup;
			children = (
				40F1F72428AEEBE0000F4076 /* PiedraPapelTijeraTests.swift */,
				40F1F72628AEEBE0000F4076 /* Info.plist */,
			);
			path = PiedraPapelTijeraTests;
			sourceTree = "<group>";
		};
		40F1F72E28AEEBE0000F4076 /* PiedraPapelTijeraUITests */ = {
			isa = PBXGroup;
			children = (
				40F1F72F28AEEBE0000F4076 /* PiedraPapelTijeraUITests.swift */,
				40F1F73128AEEBE0000F4076 /* Info.plist */,
			);
			path = PiedraPapelTijeraUITests;
			sourceTree = "<group>";
		};
/* End PBXGroup section */

/* Begin PBXNativeTarget section */
		40F1F70928AEEBDC000F4076 /* PiedraPapelTijera */ = {
			isa = PBXNativeTarget;
			buildConfigurationList = 40F1F73428AEEBE0000F4076 /* Build configuration list for PBXNativeTarget "PiedraPapelTijera" */;
			buildPhases = (
				40F1F70628AEEBDC000F4076 /* Sources */,
				40F1F70728AEEBDC000F4076 /* Frameworks */,
				40F1F70828AEEBDC000F4076 /* Resources */,
			);
			buildRules = (
			);
			dependencies = (
			);
			name = PiedraPapelTijera;
			productName = PiedraPapelTijera;
			productReference = 40F1F70A28AEEBDD000F4076 /* PiedraPapelTijera.app */;
			productType = "com.apple.product-type.application";
		};
		40F1F71F28AEEBE0000F4076 /* PiedraPapelTijeraTests */ = {
			isa = PBXNativeTarget;
			buildConfigurationList = 40F1F73728AEEBE0000F4076 /* Build configuration list for PBXNativeTarget "PiedraPapelTijeraTests" */;
			buildPhases = (
				40F1F71C28AEEBE0000F4076 /* Sources */,
				40F1F71D28AEEBE0000F4076 /* Frameworks */,
				40F1F71E28AEEBE0000F4076 /* Resources */,
			);
			buildRules = (
			);
			dependencies = (
				40F1F72228AEEBE0000F4076 /* PBXTargetDependency */,
			);
			name = PiedraPapelTijeraTests;
			productName = PiedraPapelTijeraTests;
			productReference = 40F1F72028AEEBE0000F4076 /* PiedraPapelTijeraTests.xctest */;
			productType = "com.apple.product-type.bundle.unit-test";
		};
		40F1F72A28AEEBE0000F4076 /* PiedraPapelTijeraUITests */ = {
			isa = PBXNativeTarget;
			buildConfigurationList = 40F1F73A28AEEBE0000F4076 /* Build configuration list for PBXNativeTarget "PiedraPapelTijeraUITests" */;
			buildPhases = (
				40F1F72728AEEBE0000F4076 /* Sources */,
				40F1F72828AEEBE0000F4076 /* Frameworks */,
				40F1F72928AEEBE0000F4076 /* Resources */,
			);
			buildRules = (
			);
			dependencies = (
				40F1F72D28AEEBE0000F4076 /* PBXTargetDependency */,
			);
			name = PiedraPapelTijeraUITests;
			productName = PiedraPapelTijeraUITests;
			productReference = 40F1F72B28AEEBE0000F4076 /* PiedraPapelTijeraUITests.xctest */;
			productType = "com.apple.product-type.bundle.ui-testing";
		};
/* End PBXNativeTarget section */

/* Begin PBXProject section */
		40F1F70228AEEBDC000F4076 /* Project object */ = {
			isa = PBXProject;
			attributes = {
				LastSwiftUpdateCheck = 1240;
				LastUpgradeCheck = 1240;
				TargetAttributes = {
					40F1F70928AEEBDC000F4076 = {
						CreatedOnToolsVersion = 12.4;
					};
					40F1F71F28AEEBE0000F4076 = {
						CreatedOnToolsVersion = 12.4;
						TestTargetID = 40F1F70928AEEBDC000F4076;
					};
					40F1F72A28AEEBE0000F4076 = {
						CreatedOnToolsVersion = 12.4;
						TestTargetID = 40F1F70928AEEBDC000F4076;
					};
				};
			};
			buildConfigurationList = 40F1F70528AEEBDC000F4076 /* Build configuration list for PBXProject "PiedraPapelTijera" */;
			compatibilityVersion = "Xcode 9.3";
			developmentRegion = en;
			hasScannedForEncodings = 0;
			knownRegions = (
				en,
				Base,
			);
			mainGroup = 40F1F70128AEEBDC000F4076;
			productRefGroup = 40F1F70B28AEEBDD000F4076 /* Products */;
			projectDirPath = "";
			projectRoot = "";
			targets = (
				40F1F70928AEEBDC000F4076 /* PiedraPapelTijera */,
				40F1F71F28AEEBE0000F4076 /* PiedraPapelTijeraTests */,
				40F1F72A28AEEBE0000F4076 /* PiedraPapelTijeraUITests */,
			);
		};
/* End PBXProject section */

/* Begin PBXResourcesBuildPhase section */
		40F1F70828AEEBDC000F4076 /* Resources */ = {
			isa = PBXResourcesBuildPhase;
			buildActionMask = 2147483647;
			files = (
				40F1F71A28AEEBDF000F4076 /* LaunchScreen.storyboard in Resources */,
				40F1F71728AEEBDF000F4076 /* Assets.xcassets in Resources */,
				40F1F71528AEEBDD000F4076 /* Main.storyboard in Resources */,
			);
			runOnlyForDeploymentPostprocessing = 0;
		};
		40F1F71E28AEEBE0000F4076 /* Resources */ = {
			isa = PBXResourcesBuildPhase;
			buildActionMask = 2147483647;
			files = (
			);
			runOnlyForDeploymentPostprocessing = 0;
		};
		40F1F72928AEEBE0000F4076 /* Resources */ = {
			isa = PBXResourcesBuildPhase;
			buildActionMask = 2147483647;
			files = (
			);
			runOnlyForDeploymentPostprocessing = 0;
		};
/* End PBXResourcesBuildPhase section */

/* Begin PBXSourcesBuildPhase section */
		40F1F70628AEEBDC000F4076 /* Sources */ = {
			isa = PBXSourcesBuildPhase;
			buildActionMask = 2147483647;
			files = (
				40F1F71228AEEBDD000F4076 /* ViewController.swift in Sources */,
				40F1F70E28AEEBDD000F4076 /* AppDelegate.swift in Sources */,
				40F1F71028AEEBDD000F4076 /* SceneDelegate.swift in Sources */,
			);
			runOnlyForDeploymentPostprocessing = 0;
		};
		40F1F71C28AEEBE0000F4076 /* Sources */ = {
			isa = PBXSourcesBuildPhase;
			buildActionMask = 2147483647;
			files = (
				40F1F72528AEEBE0000F4076 /* PiedraPapelTijeraTests.swift in Sources */,
			);
			runOnlyForDeploymentPostprocessing = 0;
		};
		40F1F72728AEEBE0000F4076 /* Sources */ = {
			isa = PBXSourcesBuildPhase;
			buildActionMask = 2147483647;
			files = (
				40F1F73028AEEBE0000F4076 /* PiedraPapelTijeraUITests.swift in Sources */,
			);
			runOnlyForDeploymentPostprocessing = 0;
		};
/* End PBXSourcesBuildPhase section */

/* Begin PBXTargetDependency section */
		40F1F72228AEEBE0000F4076 /* PBXTargetDependency */ = {
			isa = PBXTargetDependency;
			target = 40F1F70928AEEBDC000F4076 /* PiedraPapelTijera */;
			targetProxy = 40F1F72128AEEBE0000F4076 /* PBXContainerItemProxy */;
		};
		40F1F72D28AEEBE0000F4076 /* PBXTargetDependency */ = {
			isa = PBXTargetDependency;
			target = 40F1F70928AEEBDC000F4076 /* PiedraPapelTijera */;
			targetProxy = 40F1F72C28AEEBE0000F4076 /* PBXContainerItemProxy */;
		};
/* End PBXTargetDependency section */

/* Begin PBXVariantGroup section */
		40F1F71328AEEBDD000F4076 /* Main.storyboard */ = {
			isa = PBXVariantGroup;
			children = (
				40F1F71428AEEBDD000F4076 /* Base */,
			);
			name = Main.storyboard;
			sourceTree = "<group>";
		};
		40F1F71828AEEBDF000F4076 /* LaunchScreen.storyboard */ = {
			isa = PBXVariantGroup;
			children = (
				40F1F71928AEEBDF000F4076 /* Base */,
			);
			name = LaunchScreen.storyboard;
			sourceTree = "<group>";
		};
/* End PBXVariantGroup section */

/* Begin XCBuildConfiguration section */
		40F1F73228AEEBE0000F4076 /* Debug */ = {
			isa = XCBuildConfiguration;
			buildSettings = {
				ALWAYS_SEARCH_USER_PATHS = NO;
				CLANG_ANALYZER_NONNULL = YES;
				CLANG_ANALYZER_NUMBER_OBJECT_CONVERSION = YES_AGGRESSIVE;
				CLANG_CXX_LANGUAGE_STANDARD = "gnu++14";
				CLANG_CXX_LIBRARY = "libc++";
				CLANG_ENABLE_MODULES = YES;
				CLANG_ENABLE_OBJC_ARC = YES;
				CLANG_ENABLE_OBJC_WEAK = YES;
				CLANG_WARN_BLOCK_CAPTURE_AUTORELEASING = YES;
				CLANG_WARN_BOOL_CONVERSION = YES;
				CLANG_WARN_COMMA = YES;
				CLANG_WARN_CONSTANT_CONVERSION = YES;
				CLANG_WARN_DEPRECATED_OBJC_IMPLEMENTATIONS = YES;
				CLANG_WARN_DIRECT_OBJC_ISA_USAGE = YES_ERROR;
				CLANG_WARN_DOCUMENTATION_COMMENTS = YES;
				CLANG_WARN_EMPTY_BODY = YES;
				CLANG_WARN_ENUM_CONVERSION = YES;
				CLANG_WARN_INFINITE_RECURSION = YES;
				CLANG_WARN_INT_CONVERSION = YES;
				CLANG_WARN_NON_LITERAL_NULL_CONVERSION = YES;
				CLANG_WARN_OBJC_IMPLICIT_RETAIN_SELF = YES;
				CLANG_WARN_OBJC_LITERAL_CONVERSION = YES;
				CLANG_WARN_OBJC_ROOT_CLASS = YES_ERROR;
				CLANG_WARN_QUOTED_INCLUDE_IN_FRAMEWORK_HEADER = YES;
				CLANG_WARN_RANGE_LOOP_ANALYSIS = YES;
				CLANG_WARN_STRICT_PROTOTYPES = YES;
				CLANG_WARN_SUSPICIOUS_MOVE = YES;
				CLANG_WARN_UNGUARDED_AVAILABILITY = YES_AGGRESSIVE;
				CLANG_WARN_UNREACHABLE_CODE = YES;
				CLANG_WARN__DUPLICATE_METHOD_MATCH = YES;
				COPY_PHASE_STRIP = NO;
				DEBUG_INFORMATION_FORMAT = dwarf;
				ENABLE_STRICT_OBJC_MSGSEND = YES;
				ENABLE_TESTABILITY = YES;
				GCC_C_LANGUAGE_STANDARD = gnu11;
				GCC_DYNAMIC_NO_PIC = NO;
				GCC_NO_COMMON_BLOCKS = YES;
				GCC_OPTIMIZATION_LEVEL = 0;
				GCC_PREPROCESSOR_DEFINITIONS = (
					"DEBUG=1",
					"$(inherited)",
				);
				GCC_WARN_64_TO_32_BIT_CONVERSION = YES;
				GCC_WARN_ABOUT_RETURN_TYPE = YES_ERROR;
				GCC_WARN_UNDECLARED_SELECTOR = YES;
				GCC_WARN_UNINITIALIZED_AUTOS = YES_AGGRESSIVE;
				GCC_WARN_UNUSED_FUNCTION = YES;
				GCC_WARN_UNUSED_VARIABLE = YES;
				IPHONEOS_DEPLOYMENT_TARGET = 14.4;
				MTL_ENABLE_DEBUG_INFO = INCLUDE_SOURCE;
				MTL_FAST_MATH = YES;
				ONLY_ACTIVE_ARCH = YES;
				SDKROOT = iphoneos;
				SWIFT_ACTIVE_COMPILATION_CONDITIONS = DEBUG;
				SWIFT_OPTIMIZATION_LEVEL = "-Onone";
			};
			name = Debug;
		};
		40F1F73328AEEBE0000F4076 /* Release */ = {
			isa = XCBuildConfiguration;
			buildSettings = {
				ALWAYS_SEARCH_USER_PATHS = NO;
				CLANG_ANALYZER_NONNULL = YES;
				CLANG_ANALYZER_NUMBER_OBJECT_CONVERSION = YES_AGGRESSIVE;
				CLANG_CXX_LANGUAGE_STANDARD = "gnu++14";
				CLANG_CXX_LIBRARY = "libc++";
				CLANG_ENABLE_MODULES = YES;
				CLANG_ENABLE_OBJC_ARC = YES;
				CLANG_ENABLE_OBJC_WEAK = YES;
				CLANG_WARN_BLOCK_CAPTURE_AUTORELEASING = YES;
				CLANG_WARN_BOOL_CONVERSION = YES;
				CLANG_WARN_COMMA = YES;
				CLANG_WARN_CONSTANT_CONVERSION = YES;
				CLANG_WARN_DEPRECATED_OBJC_IMPLEMENTATIONS = YES;
				CLANG_WARN_DIRECT_OBJC_ISA_USAGE = YES_ERROR;
				CLANG_WARN_DOCUMENTATION_COMMENTS = YES;
				CLANG_WARN_EMPTY_BODY = YES;
				CLANG_WARN_ENUM_CONVERSION = YES;
				CLANG_WARN_INFINITE_RECURSION = YES;
				CLANG_WARN_INT_CONVERSION = YES;
				CLANG_WARN_NON_LITERAL_NULL_CONVERSION = YES;
				CLANG_WARN_OBJC_IMPLICIT_RETAIN_SELF = YES;
				CLANG_WARN_OBJC_LITERAL_CONVERSION = YES;
				CLANG_WARN_OBJC_ROOT_CLASS = YES_ERROR;
				CLANG_WARN_QUOTED_INCLUDE_IN_FRAMEWORK_HEADER = YES;
				CLANG_WARN_RANGE_LOOP_ANALYSIS = YES;
				CLANG_WARN_STRICT_PROTOTYPES = YES;
				CLANG_WARN_SUSPICIOUS_MOVE = YES;
				CLANG_WARN_UNGUARDED_AVAILABILITY = YES_AGGRESSIVE;
				CLANG_WARN_UNREACHABLE_CODE = YES;
				CLANG_WARN__DUPLICATE_METHOD_MATCH = YES;
				COPY_PHASE_STRIP = NO;
				DEBUG_INFORMATION_FORMAT = "dwarf-with-dsym";
				ENABLE_NS_ASSERTIONS = NO;
				ENABLE_STRICT_OBJC_MSGSEND = YES;
				GCC_C_LANGUAGE_STANDARD = gnu11;
				GCC_NO_COMMON_BLOCKS = YES;
				GCC_WARN_64_TO_32_BIT_CONVERSION = YES;
				GCC_WARN_ABOUT_RETURN_TYPE = YES_ERROR;
				GCC_WARN_UNDECLARED_SELECTOR = YES;
				GCC_WARN_UNINITIALIZED_AUTOS = YES_AGGRESSIVE;
				GCC_WARN_UNUSED_FUNCTION = YES;
				GCC_WARN_UNUSED_VARIABLE = YES;
				IPHONEOS_DEPLOYMENT_TARGET = 14.4;
				MTL_ENABLE_DEBUG_INFO = NO;
				MTL_FAST_MATH = YES;
				SDKROOT = iphoneos;
				SWIFT_COMPILATION_MODE = wholemodule;
				SWIFT_OPTIMIZATION_LEVEL = "-O";
				VALIDATE_PRODUCT = YES;
			};
			name = Release;
		};
		40F1F73528AEEBE0000F4076 /* Debug */ = {
			isa = XCBuildConfiguration;
			buildSettings = {
				ASSETCATALOG_COMPILER_APPICON_NAME = AppIcon;
				ASSETCATALOG_COMPILER_GLOBAL_ACCENT_COLOR_NAME = AccentColor;
				CODE_SIGN_STYLE = Automatic;
				INFOPLIST_FILE = PiedraPapelTijera/Info.plist;
				LD_RUNPATH_SEARCH_PATHS = (
					"$(inherited)",
					"@executable_path/Frameworks",
				);
				PRODUCT_BUNDLE_IDENTIFIER = tecmonterrey.PiedraPapelTijera;
				PRODUCT_NAME = "$(TARGET_NAME)";
				SWIFT_VERSION = 5.0;
				TARGETED_DEVICE_FAMILY = "1,2";
			};
			name = Debug;
		};
		40F1F73628AEEBE0000F4076 /* Release */ = {
			isa = XCBuildConfiguration;
			buildSettings = {
				ASSETCATALOG_COMPILER_APPICON_NAME = AppIcon;
				ASSETCATALOG_COMPILER_GLOBAL_ACCENT_COLOR_NAME = AccentColor;
				CODE_SIGN_STYLE = Automatic;
				INFOPLIST_FILE = PiedraPapelTijera/Info.plist;
				LD_RUNPATH_SEARCH_PATHS = (
					"$(inherited)",
					"@executable_path/Frameworks",
				);
				PRODUCT_BUNDLE_IDENTIFIER = tecmonterrey.PiedraPapelTijera;
				PRODUCT_NAME = "$(TARGET_NAME)";
				SWIFT_VERSION = 5.0;
				TARGETED_DEVICE_FAMILY = "1,2";
			};
			name = Release;
		};
		40F1F73828AEEBE0000F4076 /* Debug */ = {
			isa = XCBuildConfiguration;
			buildSettings = {
				ALWAYS_EMBED_SWIFT_STANDARD_LIBRARIES = YES;
				BUNDLE_LOADER = "$(TEST_HOST)";
				CODE_SIGN_STYLE = Automatic;
				INFOPLIST_FILE = PiedraPapelTijeraTests/Info.plist;
				IPHONEOS_DEPLOYMENT_TARGET = 14.4;
				LD_RUNPATH_SEARCH_PATHS = (
					"$(inherited)",
					"@executable_path/Frameworks",
					"@loader_path/Frameworks",
				);
				PRODUCT_BUNDLE_IDENTIFIER = tecmonterrey.PiedraPapelTijeraTests;
				PRODUCT_NAME = "$(TARGET_NAME)";
				SWIFT_VERSION = 5.0;
				TARGETED_DEVICE_FAMILY = "1,2";
				TEST_HOST = "$(BUILT_PRODUCTS_DIR)/PiedraPapelTijera.app/PiedraPapelTijera";
			};
			name = Debug;
		};
		40F1F73928AEEBE0000F4076 /* Release */ = {
			isa = XCBuildConfiguration;
			buildSettings = {
				ALWAYS_EMBED_SWIFT_STANDARD_LIBRARIES = YES;
				BUNDLE_LOADER = "$(TEST_HOST)";
				CODE_SIGN_STYLE = Automatic;
				INFOPLIST_FILE = PiedraPapelTijeraTests/Info.plist;
				IPHONEOS_DEPLOYMENT_TARGET = 14.4;
				LD_RUNPATH_SEARCH_PATHS = (
					"$(inherited)",
					"@executable_path/Frameworks",
					"@loader_path/Frameworks",
				);
				PRODUCT_BUNDLE_IDENTIFIER = tecmonterrey.PiedraPapelTijeraTests;
				PRODUCT_NAME = "$(TARGET_NAME)";
				SWIFT_VERSION = 5.0;
				TARGETED_DEVICE_FAMILY = "1,2";
				TEST_HOST = "$(BUILT_PRODUCTS_DIR)/PiedraPapelTijera.app/PiedraPapelTijera";
			};
			name = Release;
		};
		40F1F73B28AEEBE0000F4076 /* Debug */ = {
			isa = XCBuildConfiguration;
			buildSettings = {
				ALWAYS_EMBED_SWIFT_STANDARD_LIBRARIES = YES;
				CODE_SIGN_STYLE = Automatic;
				INFOPLIST_FILE = PiedraPapelTijeraUITests/Info.plist;
				LD_RUNPATH_SEARCH_PATHS = (
					"$(inherited)",
					"@executable_path/Frameworks",
					"@loader_path/Frameworks",
				);
				PRODUCT_BUNDLE_IDENTIFIER = tecmonterrey.PiedraPapelTijeraUITests;
				PRODUCT_NAME = "$(TARGET_NAME)";
				SWIFT_VERSION = 5.0;
				TARGETED_DEVICE_FAMILY = "1,2";
				TEST_TARGET_NAME = PiedraPapelTijera;
			};
			name = Debug;
		};
		40F1F73C28AEEBE0000F4076 /* Release */ = {
			isa = XCBuildConfiguration;
			buildSettings = {
				ALWAYS_EMBED_SWIFT_STANDARD_LIBRARIES = YES;
				CODE_SIGN_STYLE = Automatic;
				INFOPLIST_FILE = PiedraPapelTijeraUITests/Info.plist;
				LD_RUNPATH_SEARCH_PATHS = (
					"$(inherited)",
					"@executable_path/Frameworks",
					"@loader_path/Frameworks",
				);
				PRODUCT_BUNDLE_IDENTIFIER = tecmonterrey.PiedraPapelTijeraUITests;
				PRODUCT_NAME = "$(TARGET_NAME)";
				SWIFT_VERSION = 5.0;
				TARGETED_DEVICE_FAMILY = "1,2";
				TEST_TARGET_NAME = PiedraPapelTijera;
			};
			name = Release;
		};
/* End XCBuildConfiguration section */

/* Begin XCConfigurationList section */
		40F1F70528AEEBDC000F4076 /* Build configuration list for PBXProject "PiedraPapelTijera" */ = {
			isa = XCConfigurationList;
			buildConfigurations = (
				40F1F73228AEEBE0000F4076 /* Debug */,
				40F1F73328AEEBE0000F4076 /* Release */,
			);
			defaultConfigurationIsVisible = 0;
			defaultConfigurationName = Release;
		};
		40F1F73428AEEBE0000F4076 /* Build configuration list for PBXNativeTarget "PiedraPapelTijera" */ = {
			isa = XCConfigurationList;
			buildConfigurations = (
				40F1F73528AEEBE0000F4076 /* Debug */,
				40F1F73628AEEBE0000F4076 /* Release */,
			);
			defaultConfigurationIsVisible = 0;
			defaultConfigurationName = Release;
		};
		40F1F73728AEEBE0000F4076 /* Build configuration list for PBXNativeTarget "PiedraPapelTijeraTests" */ = {
			isa = XCConfigurationList;
			buildConfigurations = (
				40F1F73828AEEBE0000F4076 /* Debug */,
				40F1F73928AEEBE0000F4076 /* Release */,
			);
			defaultConfigurationIsVisible = 0;
			defaultConfigurationName = Release;
		};
		40F1F73A28AEEBE0000F4076 /* Build configuration list for PBXNativeTarget "PiedraPapelTijeraUITests" */ = {
			isa = XCConfigurationList;
			buildConfigurations = (
				40F1F73B28AEEBE0000F4076 /* Debug */,
				40F1F73C28AEEBE0000F4076 /* Release */,
			);
			defaultConfigurationIsVisible = 0;
			defaultConfigurationName = Release;
		};
/* End XCConfigurationList section */
	};
	rootObject = 40F1F70228AEEBDC000F4076 /* Project object */;
}
